
Microsoft Visual Studio Solution File, Format Version 12.00
# Visual Studio Version 17
VisualStudioVersion = 17.10.34916.146
MinimumVisualStudioVersion = 10.0.40219.1
Project("{FAE04EC0-301F-11D3-BF4B-00C04F79EFBC}") = "Test", "Test\Test.csproj", "{457AD515-C427-44E7-8AFB-E03AB8EECFD4}"
EndProject
Project("{FAE04EC0-301F-11D3-BF4B-00C04F79EFBC}") = "Entidades", "Entidades\Entidades.csproj", "{E9849B2D-793F-4CD7-A633-F825287C3C28}"
EndProject
Global
	GlobalSection(SolutionConfigurationPlatforms) = preSolution
		Debug|Any CPU = Debug|Any CPU
		Release|Any CPU = Release|Any CPU
	EndGlobalSection
	GlobalSection(ProjectConfigurationPlatforms) = postSolution
		{457AD515-C427-44E7-8AFB-E03AB8EECFD4}.Debug|Any CPU.ActiveCfg = Debug|Any CPU
		{457AD515-C427-44E7-8AFB-E03AB8EECFD4}.Debug|Any CPU.Build.0 = Debug|Any CPU
		{457AD515-C427-44E7-8AFB-E03AB8EECFD4}.Release|Any CPU.ActiveCfg = Release|Any CPU
		{457AD515-C427-44E7-8AFB-E03AB8EECFD4}.Release|Any CPU.Build.0 = Release|Any CPU
		{E9849B2D-793F-4CD7-A633-F825287C3C28}.Debug|Any CPU.ActiveCfg = Debug|Any CPU
		{E9849B2D-793F-4CD7-A633-F825287C3C28}.Debug|Any CPU.Build.0 = Debug|Any CPU
		{E9849B2D-793F-4CD7-A633-F825287C3C28}.Release|Any CPU.ActiveCfg = Release|Any CPU
		{E9849B2D-793F-4CD7-A633-F825287C3C28}.Release|Any CPU.Build.0 = Release|Any CPU
	EndGlobalSection
	GlobalSection(SolutionProperties) = preSolution
		HideSolutionNode = FALSE
	EndGlobalSection
	GlobalSection(ExtensibilityGlobals) = postSolution
		SolutionGuid = {6836375F-FA86-4441-90AF-C3EC5594CE61}
	EndGlobalSection
EndGlobal
